
Microsoft Visual Studio Solution File, Format Version 12.00
# Visual Studio Version 17
VisualStudioVersion = 17.5.33530.505
MinimumVisualStudioVersion = 10.0.40219.1
Project("{FAE04EC0-301F-11D3-BF4B-00C04F79EFBC}") = "Clinica", "Clinica\Clinica.csproj", "{D5A5617D-90B2-482F-8C13-A9158F7F673E}"
EndProject
Global
	GlobalSection(SolutionConfigurationPlatforms) = preSolution
		Debug|Any CPU = Debug|Any CPU
		Release|Any CPU = Release|Any CPU
	EndGlobalSection
	GlobalSection(ProjectConfigurationPlatforms) = postSolution
		{D5A5617D-90B2-482F-8C13-A9158F7F673E}.Debug|Any CPU.ActiveCfg = Debug|Any CPU
		{D5A5617D-90B2-482F-8C13-A9158F7F673E}.Debug|Any CPU.Build.0 = Debug|Any CPU
		{D5A5617D-90B2-482F-8C13-A9158F7F673E}.Release|Any CPU.ActiveCfg = Release|Any CPU
		{D5A5617D-90B2-482F-8C13-A9158F7F673E}.Release|Any CPU.Build.0 = Release|Any CPU
	EndGlobalSection
	GlobalSection(SolutionProperties) = preSolution
		HideSolutionNode = FALSE
	EndGlobalSection
	GlobalSection(ExtensibilityGlobals) = postSolution
		SolutionGuid = {2749A3EF-CA4C-450C-B5F7-44601281DEB8}
	EndGlobalSection
EndGlobal
